
Microsoft Visual Studio Solution File, Format Version 12.00
# Visual Studio 2012
Project("{FAE04EC0-301F-11D3-BF4B-00C04F79EFBC}") = "Sai Software Solutions", "WindowsFormsApplication3\Sai Software Solutions.csproj", "{06A75C86-FB57-4099-B7D8-B324DADD6DB2}"
EndProject
Global
	GlobalSection(SolutionConfigurationPlatforms) = preSolution
		Debug|Any CPU = Debug|Any CPU
		Release|Any CPU = Release|Any CPU
	EndGlobalSection
	GlobalSection(ProjectConfigurationPlatforms) = postSolution
		{06A75C86-FB57-4099-B7D8-B324DADD6DB2}.Debug|Any CPU.ActiveCfg = Debug|Any CPU
		{06A75C86-FB57-4099-B7D8-B324DADD6DB2}.Debug|Any CPU.Build.0 = Debug|Any CPU
		{06A75C86-FB57-4099-B7D8-B324DADD6DB2}.Release|Any CPU.ActiveCfg = Release|Any CPU
		{06A75C86-FB57-4099-B7D8-B324DADD6DB2}.Release|Any CPU.Build.0 = Release|Any CPU
	EndGlobalSection
	GlobalSection(SolutionProperties) = preSolution
		HideSolutionNode = FALSE
	EndGlobalSection
EndGlobal
